
Microsoft Visual Studio Solution File, Format Version 12.00
# Visual Studio 15
VisualStudioVersion = 15.0.28307.1340
MinimumVisualStudioVersion = 10.0.40219.1
Project("{FAE04EC0-301F-11D3-BF4B-00C04F79EFBC}") = "Fondamentaux", "Fondamentaux\Fondamentaux.csproj", "{8E9659D2-E0F3-4EA7-AB99-BD61A2CDD091}"
EndProject
Project("{FAE04EC0-301F-11D3-BF4B-00C04F79EFBC}") = "GestionEtudiant", "GestionEtudiant\GestionEtudiant.csproj", "{449E44EE-FE58-4D43-859A-9BB9C7659714}"
EndProject
Global
	GlobalSection(SolutionConfigurationPlatforms) = preSolution
		Debug|Any CPU = Debug|Any CPU
		Release|Any CPU = Release|Any CPU
	EndGlobalSection
	GlobalSection(ProjectConfigurationPlatforms) = postSolution
		{8E9659D2-E0F3-4EA7-AB99-BD61A2CDD091}.Debug|Any CPU.ActiveCfg = Debug|Any CPU
		{8E9659D2-E0F3-4EA7-AB99-BD61A2CDD091}.Debug|Any CPU.Build.0 = Debug|Any CPU
		{8E9659D2-E0F3-4EA7-AB99-BD61A2CDD091}.Release|Any CPU.ActiveCfg = Release|Any CPU
		{8E9659D2-E0F3-4EA7-AB99-BD61A2CDD091}.Release|Any CPU.Build.0 = Release|Any CPU
		{449E44EE-FE58-4D43-859A-9BB9C7659714}.Debug|Any CPU.ActiveCfg = Debug|Any CPU
		{449E44EE-FE58-4D43-859A-9BB9C7659714}.Debug|Any CPU.Build.0 = Debug|Any CPU
		{449E44EE-FE58-4D43-859A-9BB9C7659714}.Release|Any CPU.ActiveCfg = Release|Any CPU
		{449E44EE-FE58-4D43-859A-9BB9C7659714}.Release|Any CPU.Build.0 = Release|Any CPU
	EndGlobalSection
	GlobalSection(SolutionProperties) = preSolution
		HideSolutionNode = FALSE
	EndGlobalSection
	GlobalSection(ExtensibilityGlobals) = postSolution
		SolutionGuid = {3A54134D-277A-4692-8DC1-A934B8B588A1}
	EndGlobalSection
EndGlobal
